// !$*UTF8*$!
{
	archiveVersion = 1;
	classes = {
	};
	objectVersion = 46;
	objects = {

/* Begin PBXBuildFile section */
		30A30D241A57853700D0A11F /* main.m in Sources */ = {isa = PBXBuildFile; fileRef = 30A30D231A57853700D0A11F /* main.m */; };
		30A30D271A57853700D0A11F /* AppDelegate.m in Sources */ = {isa = PBXBuildFile; fileRef = 30A30D261A57853700D0A11F /* AppDelegate.m */; };
		30A30D2A1A57853700D0A11F /* ViewController.m in Sources */ = {isa = PBXBuildFile; fileRef = 30A30D291A57853700D0A11F /* ViewController.m */; };
		30A30D2D1A57853700D0A11F /* Main.storyboard in Resources */ = {isa = PBXBuildFile; fileRef = 30A30D2B1A57853700D0A11F /* Main.storyboard */; };
		30A30D2F1A57853700D0A11F /* Images.xcassets in Resources */ = {isa = PBXBuildFile; fileRef = 30A30D2E1A57853700D0A11F /* Images.xcassets */; };
		30A30D321A57853700D0A11F /* LaunchScreen.xib in Resources */ = {isa = PBXBuildFile; fileRef = 30A30D301A57853700D0A11F /* LaunchScreen.xib */; };
		30A30D3E1A57853700D0A11F /* AGoodStartTests.m in Sources */ = {isa = PBXBuildFile; fileRef = 30A30D3D1A57853700D0A11F /* AGoodStartTests.m */; };
/* End PBXBuildFile section */

/* Begin PBXContainerItemProxy section */
		30A30D381A57853700D0A11F /* PBXContainerItemProxy */ = {
			isa = PBXContainerItemProxy;
			containerPortal = 30A30D161A57853700D0A11F /* Project object */;
			proxyType = 1;
			remoteGlobalIDString = 30A30D1D1A57853700D0A11F;
			remoteInfo = AGoodStart;
		};
/* End PBXContainerItemProxy section */

/* Begin PBXFileReference section */
		30A30D1E1A57853700D0A11F /* AGoodStart.app */ = {isa = PBXFileReference; explicitFileType = wrapper.application; includeInIndex = 0; path = AGoodStart.app; sourceTree = BUILT_PRODUCTS_DIR; };
		30A30D221A57853700D0A11F /* Info.plist */ = {isa = PBXFileReference; lastKnownFileType = text.plist.xml; path = Info.plist; sourceTree = "<group>"; };
		30A30D231A57853700D0A11F /* main.m */ = {isa = PBXFileReference; lastKnownFileType = sourcecode.c.objc; path = main.m; sourceTree = "<group>"; };
		30A30D251A57853700D0A11F /* AppDelegate.h */ = {isa = PBXFileReference; lastKnownFileType = sourcecode.c.h; path = AppDelegate.h; sourceTree = "<group>"; };
		30A30D261A57853700D0A11F /* AppDelegate.m */ = {isa = PBXFileReference; lastKnownFileType = sourcecode.c.objc; path = AppDelegate.m; sourceTree = "<group>"; };
		30A30D281A57853700D0A11F /* ViewController.h */ = {isa = PBXFileReference; lastKnownFileType = sourcecode.c.h; path = ViewController.h; sourceTree = "<group>"; };
		30A30D291A57853700D0A11F /* ViewController.m */ = {isa = PBXFileReference; lastKnownFileType = sourcecode.c.objc; path = ViewController.m; sourceTree = "<group>"; };
		30A30D2C1A57853700D0A11F /* Base */ = {isa = PBXFileReference; lastKnownFileType = file.storyboard; name = Base; path = Base.lproj/Main.storyboard; sourceTree = "<group>"; };
		30A30D2E1A57853700D0A11F /* Images.xcassets */ = {isa = PBXFileReference; lastKnownFileType = folder.assetcatalog; path = Images.xcassets; sourceTree = "<group>"; };
		30A30D311A57853700D0A11F /* Base */ = {isa = PBXFileReference; lastKnownFileType = file.xib; name = Base; path = Base.lproj/LaunchScreen.xib; sourceTree = "<group>"; };
		30A30D371A57853700D0A11F /* AGoodStartTests.xctest */ = {isa = PBXFileReference; explicitFileType = wrapper.cfbundle; includeInIndex = 0; path = AGoodStartTests.xctest; sourceTree = BUILT_PRODUCTS_DIR; };
		30A30D3C1A57853700D0A11F /* Info.plist */ = {isa = PBXFileReference; lastKnownFileType = text.plist.xml; path = Info.plist; sourceTree = "<group>"; };
		30A30D3D1A57853700D0A11F /* AGoodStartTests.m */ = {isa = PBXFileReference; lastKnownFileType = sourcecode.c.objc; path = AGoodStartTests.m; sourceTree = "<group>"; };
/* End PBXFileReference section */

/* Begin PBXFrameworksBuildPhase section */
		30A30D1B1A57853700D0A11F /* Frameworks */ = {
			isa = PBXFrameworksBuildPhase;
			buildActionMask = 2147483647;
			files = (
			);
			runOnlyForDeploymentPostprocessing = 0;
		};
		30A30D341A57853700D0A11F /* Frameworks */ = {
			isa = PBXFrameworksBuildPhase;
			buildActionMask = 2147483647;
			files = (
			);
			runOnlyForDeploymentPostprocessing = 0;
		};
/* End PBXFrameworksBuildPhase section */

/* Begin PBXGroup section */
		30A30D151A57853700D0A11F = {
			isa = PBXGroup;
			children = (
				30A30D201A57853700D0A11F /* AGoodStart */,
				30A30D3A1A57853700D0A11F /* AGoodStartTests */,
				30A30D1F1A57853700D0A11F /* Products */,
			);
			sourceTree = "<group>";
		};
		30A30D1F1A57853700D0A11F /* Products */ = {
			isa = PBXGroup;
			children = (
				30A30D1E1A57853700D0A11F /* AGoodStart.app */,
				30A30D371A57853700D0A11F /* AGoodStartTests.xctest */,
			);
			name = Products;
			sourceTree = "<group>";
		};
		30A30D201A57853700D0A11F /* AGoodStart */ = {
			isa = PBXGroup;
			children = (
				30A30D251A57853700D0A11F /* AppDelegate.h */,
				30A30D261A57853700D0A11F /* AppDelegate.m */,
				30A30D281A57853700D0A11F /* ViewController.h */,
				30A30D291A57853700D0A11F /* ViewController.m */,
				30A30D2B1A57853700D0A11F /* Main.storyboard */,
				30A30D2E1A57853700D0A11F /* Images.xcassets */,
				30A30D301A57853700D0A11F /* LaunchScreen.xib */,
				30A30D211A57853700D0A11F /* Supporting Files */,
			);
			path = AGoodStart;
			sourceTree = "<group>";
		};
		30A30D211A57853700D0A11F /* Supporting Files */ = {
			isa = PBXGroup;
			children = (
				30A30D221A57853700D0A11F /* Info.plist */,
				30A30D231A57853700D0A11F /* main.m */,
			);
			name = "Supporting Files";
			sourceTree = "<group>";
		};
		30A30D3A1A57853700D0A11F /* AGoodStartTests */ = {
			isa = PBXGroup;
			children = (
				30A30D3D1A57853700D0A11F /* AGoodStartTests.m */,
				30A30D3B1A57853700D0A11F /* Supporting Files */,
			);
			path = AGoodStartTests;
			sourceTree = "<group>";
		};
		30A30D3B1A57853700D0A11F /* Supporting Files */ = {
			isa = PBXGroup;
			children = (
				30A30D3C1A57853700D0A11F /* Info.plist */,
			);
			name = "Supporting Files";
			sourceTree = "<group>";
		};
/* End PBXGroup section */

/* Begin PBXNativeTarget section */
		30A30D1D1A57853700D0A11F /* AGoodStart */ = {
			isa = PBXNativeTarget;
			buildConfigurationList = 30A30D411A57853700D0A11F /* Build configuration list for PBXNativeTarget "AGoodStart" */;
			buildPhases = (
				30A30D1A1A57853700D0A11F /* Sources */,
				30A30D1B1A57853700D0A11F /* Frameworks */,
				30A30D1C1A57853700D0A11F /* Resources */,
			);
			buildRules = (
			);
			dependencies = (
			);
			name = AGoodStart;
			productName = AGoodStart;
			productReference = 30A30D1E1A57853700D0A11F /* AGoodStart.app */;
			productType = "com.apple.product-type.application";
		};
		30A30D361A57853700D0A11F /* AGoodStartTests */ = {
			isa = PBXNativeTarget;
			buildConfigurationList = 30A30D441A57853700D0A11F /* Build configuration list for PBXNativeTarget "AGoodStartTests" */;
			buildPhases = (
				30A30D331A57853700D0A11F /* Sources */,
				30A30D341A57853700D0A11F /* Frameworks */,
				30A30D351A57853700D0A11F /* Resources */,
			);
			buildRules = (
			);
			dependencies = (
				30A30D391A57853700D0A11F /* PBXTargetDependency */,
			);
			name = AGoodStartTests;
			productName = AGoodStartTests;
			productReference = 30A30D371A57853700D0A11F /* AGoodStartTests.xctest */;
			productType = "com.apple.product-type.bundle.unit-test";
		};
/* End PBXNativeTarget section */

/* Begin PBXProject section */
		30A30D161A57853700D0A11F /* Project object */ = {
			isa = PBXProject;
			attributes = {
				LastUpgradeCheck = 0610;
				ORGANIZATIONNAME = KSL;
				TargetAttributes = {
					30A30D1D1A57853700D0A11F = {
						CreatedOnToolsVersion = 6.1.1;
					};
					30A30D361A57853700D0A11F = {
						CreatedOnToolsVersion = 6.1.1;
						TestTargetID = 30A30D1D1A57853700D0A11F;
					};
				};
			};
			buildConfigurationList = 30A30D191A57853700D0A11F /* Build configuration list for PBXProject "AGoodStart" */;
			compatibilityVersion = "Xcode 3.2";
			developmentRegion = English;
			hasScannedForEncodings = 0;
			knownRegions = (
				en,
				Base,
			);
			mainGroup = 30A30D151A57853700D0A11F;
			productRefGroup = 30A30D1F1A57853700D0A11F /* Products */;
			projectDirPath = "";
			projectRoot = "";
			targets = (
				30A30D1D1A57853700D0A11F /* AGoodStart */,
				30A30D361A57853700D0A11F /* AGoodStartTests */,
			);
		};
/* End PBXProject section */

/* Begin PBXResourcesBuildPhase section */
		30A30D1C1A57853700D0A11F /* Resources */ = {
			isa = PBXResourcesBuildPhase;
			buildActionMask = 2147483647;
			files = (
				30A30D2D1A57853700D0A11F /* Main.storyboard in Resources */,
				30A30D321A57853700D0A11F /* LaunchScreen.xib in Resources */,
				30A30D2F1A57853700D0A11F /* Images.xcassets in Resources */,
			);
			runOnlyForDeploymentPostprocessing = 0;
		};
		30A30D351A57853700D0A11F /* Resources */ = {
			isa = PBXResourcesBuildPhase;
			buildActionMask = 2147483647;
			files = (
			);
			runOnlyForDeploymentPostprocessing = 0;
		};
/* End PBXResourcesBuildPhase section */

/* Begin PBXSourcesBuildPhase section */
		30A30D1A1A57853700D0A11F /* Sources */ = {
			isa = PBXSourcesBuildPhase;
			buildActionMask = 2147483647;
			files = (
				30A30D2A1A57853700D0A11F /* ViewController.m in Sources */,
				30A30D271A57853700D0A11F /* AppDelegate.m in Sources */,
				30A30D241A57853700D0A11F /* main.m in Sources */,
			);
			runOnlyForDeploymentPostprocessing = 0;
		};
		30A30D331A57853700D0A11F /* Sources */ = {
			isa = PBXSourcesBuildPhase;
			buildActionMask = 2147483647;
			files = (
				30A30D3E1A57853700D0A11F /* AGoodStartTests.m in Sources */,
			);
			runOnlyForDeploymentPostprocessing = 0;
		};
/* End PBXSourcesBuildPhase section */

/* Begin PBXTargetDependency section */
		30A30D391A57853700D0A11F /* PBXTargetDependency */ = {
			isa = PBXTargetDependency;
			target = 30A30D1D1A57853700D0A11F /* AGoodStart */;
			targetProxy = 30A30D381A57853700D0A11F /* PBXContainerItemProxy */;
		};
/* End PBXTargetDependency section */

/* Begin PBXVariantGroup section */
		30A30D2B1A57853700D0A11F /* Main.storyboard */ = {
			isa = PBXVariantGroup;
			children = (
				30A30D2C1A57853700D0A11F /* Base */,
			);
			name = Main.storyboard;
			sourceTree = "<group>";
		};
		30A30D301A57853700D0A11F /* LaunchScreen.xib */ = {
			isa = PBXVariantGroup;
			children = (
				30A30D311A57853700D0A11F /* Base */,
			);
			name = LaunchScreen.xib;
			sourceTree = "<group>";
		};
/* End PBXVariantGroup section */

/* Begin XCBuildConfiguration section */
		30A30D3F1A57853700D0A11F /* Debug */ = {
			isa = XCBuildConfiguration;
			buildSettings = {
				ALWAYS_SEARCH_USER_PATHS = NO;
				CLANG_CXX_LANGUAGE_STANDARD = "gnu++0x";
				CLANG_CXX_LIBRARY = "libc++";
				CLANG_ENABLE_MODULES = YES;
				CLANG_ENABLE_OBJC_ARC = YES;
				CLANG_WARN_BOOL_CONVERSION = YES;
				CLANG_WARN_CONSTANT_CONVERSION = YES;
				CLANG_WARN_DIRECT_OBJC_ISA_USAGE = YES_ERROR;
				CLANG_WARN_EMPTY_BODY = YES;
				CLANG_WARN_ENUM_CONVERSION = YES;
				CLANG_WARN_INT_CONVERSION = YES;
				CLANG_WARN_OBJC_ROOT_CLASS = YES_ERROR;
				CLANG_WARN_UNREACHABLE_CODE = YES;
				CLANG_WARN__DUPLICATE_METHOD_MATCH = YES;
				"CODE_SIGN_IDENTITY[sdk=iphoneos*]" = "iPhone Developer";
				COPY_PHASE_STRIP = NO;
				ENABLE_STRICT_OBJC_MSGSEND = YES;
				GCC_C_LANGUAGE_STANDARD = gnu99;
				GCC_DYNAMIC_NO_PIC = NO;
				GCC_OPTIMIZATION_LEVEL = 0;
				GCC_PREPROCESSOR_DEFINITIONS = (
					"DEBUG=1",
					"$(inherited)",
				);
				GCC_SYMBOLS_PRIVATE_EXTERN = NO;
				GCC_WARN_64_TO_32_BIT_CONVERSION = YES;
				GCC_WARN_ABOUT_RETURN_TYPE = YES_ERROR;
				GCC_WARN_UNDECLARED_SELECTOR = YES;
				GCC_WARN_UNINITIALIZED_AUTOS = YES_AGGRESSIVE;
				GCC_WARN_UNUSED_FUNCTION = YES;
				GCC_WARN_UNUSED_VARIABLE = YES;
				IPHONEOS_DEPLOYMENT_TARGET = 8.1;
				MTL_ENABLE_DEBUG_INFO = YES;
				ONLY_ACTIVE_ARCH = YES;
				SDKROOT = iphoneos;
			};
			name = Debug;
		};
		30A30D401A57853700D0A11F /* Release */ = {
			isa = XCBuildConfiguration;
			buildSettings = {
				ALWAYS_SEARCH_USER_PATHS = NO;
				CLANG_CXX_LANGUAGE_STANDARD = "gnu++0x";
				CLANG_CXX_LIBRARY = "libc++";
				CLANG_ENABLE_MODULES = YES;
				CLANG_ENABLE_OBJC_ARC = YES;
				CLANG_WARN_BOOL_CONVERSION = YES;
				CLANG_WARN_CONSTANT_CONVERSION = YES;
				CLANG_WARN_DIRECT_OBJC_ISA_USAGE = YES_ERROR;
				CLANG_WARN_EMPTY_BODY = YES;
				CLANG_WARN_ENUM_CONVERSION = YES;
				CLANG_WARN_INT_CONVERSION = YES;
				CLANG_WARN_OBJC_ROOT_CLASS = YES_ERROR;
				CLANG_WARN_UNREACHABLE_CODE = YES;
				CLANG_WARN__DUPLICATE_METHOD_MATCH = YES;
				"CODE_SIGN_IDENTITY[sdk=iphoneos*]" = "iPhone Developer";
				COPY_PHASE_STRIP = YES;
				ENABLE_NS_ASSERTIONS = NO;
				ENABLE_STRICT_OBJC_MSGSEND = YES;
				GCC_C_LANGUAGE_STANDARD = gnu99;
				GCC_WARN_64_TO_32_BIT_CONVERSION = YES;
				GCC_WARN_ABOUT_RETURN_TYPE = YES_ERROR;
				GCC_WARN_UNDECLARED_SELECTOR = YES;
				GCC_WARN_UNINITIALIZED_AUTOS = YES_AGGRESSIVE;
				GCC_WARN_UNUSED_FUNCTION = YES;
				GCC_WARN_UNUSED_VARIABLE = YES;
				IPHONEOS_DEPLOYMENT_TARGET = 8.1;
				MTL_ENABLE_DEBUG_INFO = NO;
				SDKROOT = iphoneos;
				VALIDATE_PRODUCT = YES;
			};
			name = Release;
		};
		30A30D421A57853700D0A11F /* Debug */ = {
			isa = XCBuildConfiguration;
			buildSettings = {
				ASSETCATALOG_COMPILER_APPICON_NAME = AppIcon;
				INFOPLIST_FILE = AGoodStart/Info.plist;
				LD_RUNPATH_SEARCH_PATHS = "$(inherited) @executable_path/Frameworks";
				PRODUCT_NAME = "$(TARGET_NAME)";
			};
			name = Debug;
		};
		30A30D431A57853700D0A11F /* Release */ = {
			isa = XCBuildConfiguration;
			buildSettings = {
				ASSETCATALOG_COMPILER_APPICON_NAME = AppIcon;
				INFOPLIST_FILE = AGoodStart/Info.plist;
				LD_RUNPATH_SEARCH_PATHS = "$(inherited) @executable_path/Frameworks";
				PRODUCT_NAME = "$(TARGET_NAME)";
			};
			name = Release;
		};
		30A30D451A57853700D0A11F /* Debug */ = {
			isa = XCBuildConfiguration;
			buildSettings = {
				BUNDLE_LOADER = "$(TEST_HOST)";
				FRAMEWORK_SEARCH_PATHS = (
					"$(SDKROOT)/Developer/Library/Frameworks",
					"$(inherited)",
				);
				GCC_PREPROCESSOR_DEFINITIONS = (
					"DEBUG=1",
					"$(inherited)",
				);
				INFOPLIST_FILE = AGoodStartTests/Info.plist;
				LD_RUNPATH_SEARCH_PATHS = "$(inherited) @executable_path/Frameworks @loader_path/Frameworks";
				PRODUCT_NAME = "$(TARGET_NAME)";
				TEST_HOST = "$(BUILT_PRODUCTS_DIR)/AGoodStart.app/AGoodStart";
			};
			name = Debug;
		};
		30A30D461A57853700D0A11F /* Release */ = {
			isa = XCBuildConfiguration;
			buildSettings = {
				BUNDLE_LOADER = "$(TEST_HOST)";
				FRAMEWORK_SEARCH_PATHS = (
					"$(SDKROOT)/Developer/Library/Frameworks",
					"$(inherited)",
				);
				INFOPLIST_FILE = AGoodStartTests/Info.plist;
				LD_RUNPATH_SEARCH_PATHS = "$(inherited) @executable_path/Frameworks @loader_path/Frameworks";
				PRODUCT_NAME = "$(TARGET_NAME)";
				TEST_HOST = "$(BUILT_PRODUCTS_DIR)/AGoodStart.app/AGoodStart";
			};
			name = Release;
		};
/* End XCBuildConfiguration section */

/* Begin XCConfigurationList section */
		30A30D191A57853700D0A11F /* Build configuration list for PBXProject "AGoodStart" */ = {
			isa = XCConfigurationList;
			buildConfigurations = (
				30A30D3F1A57853700D0A11F /* Debug */,
				30A30D401A57853700D0A11F /* Release */,
			);
			defaultConfigurationIsVisible = 0;
			defaultConfigurationName = Release;
		};
		30A30D411A57853700D0A11F /* Build configuration list for PBXNativeTarget "AGoodStart" */ = {
			isa = XCConfigurationList;
			buildConfigurations = (
				30A30D421A57853700D0A11F /* Debug */,
				30A30D431A57853700D0A11F /* Release */,
			);
			defaultConfigurationIsVisible = 0;
		};
		30A30D441A57853700D0A11F /* Build configuration list for PBXNativeTarget "AGoodStartTests" */ = {
			isa = XCConfigurationList;
			buildConfigurations = (
				30A30D451A57853700D0A11F /* Debug */,
				30A30D461A57853700D0A11F /* Release */,
			);
			defaultConfigurationIsVisible = 0;
		};
/* End XCConfigurationList section */
	};
	rootObject = 30A30D161A57853700D0A11F /* Project object */;
}
